PODS:
  - iOSSnapshotTestCase (6.2.0):
    - iOSSnapshotTestCase/SwiftSupport (= 6.2.0)
  - iOSSnapshotTestCase/Core (6.2.0)
  - iOSSnapshotTestCase/SwiftSupport (6.2.0):
    - iOSSnapshotTestCase/Core
  - Nimble (8.0.5)
  - Nimble-Snapshots (8.0.0):
    - Nimble-Snapshots/Core (= 8.0.0)
  - Nimble-Snapshots/Core (8.0.0):
    - iOSSnapshotTestCase (~> 6.0)
    - Nimble (~> 8.0)
  - Quick (2.2.0)
  - WelcomeAboard (1.0.0)

DEPENDENCIES:
  - iOSSnapshotTestCase (~> 6.2.0)
  - Nimble (~> 8.0.0)
  - Nimble-Snapshots (~> 8.0.0)
  - Quick (~> 2.2.0)
  - WelcomeAboard (from `../`)

SPEC REPOS:
  trunk:
    - iOSSnapshotTestCase
    - Nimble
    - Nimble-Snapshots
    - Quick

EXTERNAL SOURCES:
  WelcomeAboard:
    :path: "../"

SPEC CHECKSUMS:
  iOSSnapshotTestCase: 9ab44cb5aa62b84d31847f40680112e15ec579a6
  Nimble: 4ab1aeb9b45553c75b9687196b0fa0713170a332
  Nimble-Snapshots: 8ec63f41ce6c7229a17be9a64edbc123b181f75b
  Quick: 7fb19e13be07b5dfb3b90d4f9824c855a11af40e
  WelcomeAboard: 600a37cca7aab3a3a5c2fb642febe3f1d4557984

PODFILE CHECKSUM: b79b57aa4ece0f134e566049038d07fcdffd9a76

COCOAPODS: 1.9.0
